// !$*UTF8*$!
{
	archiveVersion = 1;
	classes = {
	};
	objectVersion = 46;
	objects = {

/* Begin PBXBuildFile section */
		A324D55C1D6CED64002F9822 /* Post.swift in Sources */ = {isa = PBXBuildFile; fileRef = A324D55B1D6CED64002F9822 /* Post.swift */; };
		A34D1CCD1D6B643D002A3ADE /* GoogleService-Info.plist in Resources */ = {isa = PBXBuildFile; fileRef = A34D1CCC1D6B643D002A3ADE /* GoogleService-Info.plist */; };
		A34D1CCE1D6B643D002A3ADE /* GoogleService-Info.plist in Resources */ = {isa = PBXBuildFile; fileRef = A34D1CCC1D6B643D002A3ADE /* GoogleService-Info.plist */; };
		A34D1CCF1D6B643D002A3ADE /* GoogleService-Info.plist in Resources */ = {isa = PBXBuildFile; fileRef = A34D1CCC1D6B643D002A3ADE /* GoogleService-Info.plist */; };
		A34D1CD11D6B9B5F002A3ADE /* FeedVC.swift in Sources */ = {isa = PBXBuildFile; fileRef = A34D1CD01D6B9B5F002A3ADE /* FeedVC.swift */; };
		A34D1CD31D6B9C2C002A3ADE /* PostCell.swift in Sources */ = {isa = PBXBuildFile; fileRef = A34D1CD21D6B9C2C002A3ADE /* PostCell.swift */; };
		A395C3FD1D6B53A100C31761 /* AppDelegate.swift in Sources */ = {isa = PBXBuildFile; fileRef = A395C3FC1D6B53A100C31761 /* AppDelegate.swift */; };
		A395C3FF1D6B53A100C31761 /* ViewController.swift in Sources */ = {isa = PBXBuildFile; fileRef = A395C3FE1D6B53A100C31761 /* ViewController.swift */; };
		A395C4021D6B53A100C31761 /* Main.storyboard in Resources */ = {isa = PBXBuildFile; fileRef = A395C4001D6B53A100C31761 /* Main.storyboard */; };
		A395C4071D6B53A100C31761 /* Assets.xcassets in Resources */ = {isa = PBXBuildFile; fileRef = A395C4061D6B53A100C31761 /* Assets.xcassets */; };
		A395C40A1D6B53A100C31761 /* LaunchScreen.storyboard in Resources */ = {isa = PBXBuildFile; fileRef = A395C4081D6B53A100C31761 /* LaunchScreen.storyboard */; };
		A395C4151D6B53A100C31761 /* Techinator_ShowcaseTests.swift in Sources */ = {isa = PBXBuildFile; fileRef = A395C4141D6B53A100C31761 /* Techinator_ShowcaseTests.swift */; };
		A395C4201D6B53A100C31761 /* Techinator_ShowcaseUITests.swift in Sources */ = {isa = PBXBuildFile; fileRef = A395C41F1D6B53A100C31761 /* Techinator_ShowcaseUITests.swift */; };
		A395C43A1D6B546C00C31761 /* Constants.swift in Sources */ = {isa = PBXBuildFile; fileRef = A395C42E1D6B546C00C31761 /* Constants.swift */; };
		A395C43B1D6B546C00C31761 /* DataService.swift in Sources */ = {isa = PBXBuildFile; fileRef = A395C42F1D6B546C00C31761 /* DataService.swift */; };
		A395C43C1D6B546C00C31761 /* MaterialButton.swift in Sources */ = {isa = PBXBuildFile; fileRef = A395C4301D6B546C00C31761 /* MaterialButton.swift */; };
		A395C43D1D6B546C00C31761 /* MaterialTextField.swift in Sources */ = {isa = PBXBuildFile; fileRef = A395C4311D6B546C00C31761 /* MaterialTextField.swift */; };
		A395C43E1D6B546C00C31761 /* MaterialView.swift in Sources */ = {isa = PBXBuildFile; fileRef = A395C4321D6B546C00C31761 /* MaterialView.swift */; };
		A395C43F1D6B546C00C31761 /* NotoSans-Bold.ttf in Resources */ = {isa = PBXBuildFile; fileRef = A395C4331D6B546C00C31761 /* NotoSans-Bold.ttf */; };
		A395C4401D6B546C00C31761 /* NotoSans-BoldItalic.ttf in Resources */ = {isa = PBXBuildFile; fileRef = A395C4341D6B546C00C31761 /* NotoSans-BoldItalic.ttf */; };
		A395C4411D6B546C00C31761 /* NotoSans-Italic.ttf in Resources */ = {isa = PBXBuildFile; fileRef = A395C4351D6B546C00C31761 /* NotoSans-Italic.ttf */; };
		A395C4421D6B546C00C31761 /* NotoSans-Regular.ttf in Resources */ = {isa = PBXBuildFile; fileRef = A395C4361D6B546C00C31761 /* NotoSans-Regular.ttf */; };
		A395C4431D6B546C00C31761 /* Techinator_Showcase.xcdatamodeld in Sources */ = {isa = PBXBuildFile; fileRef = A395C4371D6B546C00C31761 /* Techinator_Showcase.xcdatamodeld */; };
		A395C4441D6B546C00C31761 /* What is this folder for?.swift in Sources */ = {isa = PBXBuildFile; fileRef = A395C4391D6B546C00C31761 /* What is this folder for?.swift */; };
		F4900F2DEB2592E18BC21754 /* Pods_Techinator_Showcase.framework in Frameworks */ = {isa = PBXBuildFile; fileRef = 43CAF313ADB6BEC66A46EC9F /* Pods_Techinator_Showcase.framework */; };
/* End PBXBuildFile section */

/* Begin PBXContainerItemProxy section */
		A395C4111D6B53A100C31761 /* PBXContainerItemProxy */ = {
			isa = PBXContainerItemProxy;
			containerPortal = A395C3F11D6B53A000C31761 /* Project object */;
			proxyType = 1;
			remoteGlobalIDString = A395C3F81D6B53A000C31761;
			remoteInfo = "Techinator-Showcase";
		};
		A395C41C1D6B53A100C31761 /* PBXContainerItemProxy */ = {
			isa = PBXContainerItemProxy;
			containerPortal = A395C3F11D6B53A000C31761 /* Project object */;
			proxyType = 1;
			remoteGlobalIDString = A395C3F81D6B53A000C31761;
			remoteInfo = "Techinator-Showcase";
		};
/* End PBXContainerItemProxy section */

/* Begin PBXFileReference section */
		43CAF313ADB6BEC66A46EC9F /* Pods_Techinator_Showcase.framework */ = {isa = PBXFileReference; explicitFileType = wrapper.framework; includeInIndex = 0; path = Pods_Techinator_Showcase.framework; sourceTree = BUILT_PRODUCTS_DIR; };
		698EFD6F802362B0F5C9C08A /* Pods-Techinator-Showcase.debug.xcconfig */ = {isa = PBXFileReference; includeInIndex = 1; lastKnownFileType = text.xcconfig; name = "Pods-Techinator-Showcase.debug.xcconfig"; path = "Pods/Target Support Files/Pods-Techinator-Showcase/Pods-Techinator-Showcase.debug.xcconfig"; sourceTree = "<group>"; };
		A324D55B1D6CED64002F9822 /* Post.swift */ = {isa = PBXFileReference; fileEncoding = 4; lastKnownFileType = sourcecode.swift; path = Post.swift; sourceTree = "<group>"; };
		A34D1CCC1D6B643D002A3ADE /* GoogleService-Info.plist */ = {isa = PBXFileReference; fileEncoding = 4; lastKnownFileType = text.plist.xml; path = "GoogleService-Info.plist"; sourceTree = "<group>"; };
		A34D1CD01D6B9B5F002A3ADE /* FeedVC.swift */ = {isa = PBXFileReference; fileEncoding = 4; lastKnownFileType = sourcecode.swift; path = FeedVC.swift; sourceTree = "<group>"; };
		A34D1CD21D6B9C2C002A3ADE /* PostCell.swift */ = {isa = PBXFileReference; fileEncoding = 4; lastKnownFileType = sourcecode.swift; path = PostCell.swift; sourceTree = "<group>"; };
		A395C3F91D6B53A100C31761 /* Techinator-Showcase.app */ = {isa = PBXFileReference; explicitFileType = wrapper.application; includeInIndex = 0; path = "Techinator-Showcase.app"; sourceTree = BUILT_PRODUCTS_DIR; };
		A395C3FC1D6B53A100C31761 /* AppDelegate.swift */ = {isa = PBXFileReference; lastKnownFileType = sourcecode.swift; path = AppDelegate.swift; sourceTree = "<group>"; };
		A395C3FE1D6B53A100C31761 /* ViewController.swift */ = {isa = PBXFileReference; lastKnownFileType = sourcecode.swift; path = ViewController.swift; sourceTree = "<group>"; };
		A395C4011D6B53A100C31761 /* Base */ = {isa = PBXFileReference; lastKnownFileType = file.storyboard; name = Base; path = Base.lproj/Main.storyboard; sourceTree = "<group>"; };
		A395C4061D6B53A100C31761 /* Assets.xcassets */ = {isa = PBXFileReference; lastKnownFileType = folder.assetcatalog; path = Assets.xcassets; sourceTree = "<group>"; };
		A395C4091D6B53A100C31761 /* Base */ = {isa = PBXFileReference; lastKnownFileType = file.storyboard; name = Base; path = Base.lproj/LaunchScreen.storyboard; sourceTree = "<group>"; };
		A395C40B1D6B53A100C31761 /* Info.plist */ = {isa = PBXFileReference; lastKnownFileType = text.plist.xml; path = Info.plist; sourceTree = "<group>"; };
		A395C4101D6B53A100C31761 /* Techinator-ShowcaseTests.xctest */ = {isa = PBXFileReference; explicitFileType = wrapper.cfbundle; includeInIndex = 0; path = "Techinator-ShowcaseTests.xctest"; sourceTree = BUILT_PRODUCTS_DIR; };
		A395C4141D6B53A100C31761 /* Techinator_ShowcaseTests.swift */ = {isa = PBXFileReference; lastKnownFileType = sourcecode.swift; path = Techinator_ShowcaseTests.swift; sourceTree = "<group>"; };
		A395C4161D6B53A100C31761 /* Info.plist */ = {isa = PBXFileReference; lastKnownFileType = text.plist.xml; path = Info.plist; sourceTree = "<group>"; };
		A395C41B1D6B53A100C31761 /* Techinator-ShowcaseUITests.xctest */ = {isa = PBXFileReference; explicitFileType = wrapper.cfbundle; includeInIndex = 0; path = "Techinator-ShowcaseUITests.xctest"; sourceTree = BUILT_PRODUCTS_DIR; };
		A395C41F1D6B53A100C31761 /* Techinator_ShowcaseUITests.swift */ = {isa = PBXFileReference; lastKnownFileType = sourcecode.swift; path = Techinator_ShowcaseUITests.swift; sourceTree = "<group>"; };
		A395C4211D6B53A100C31761 /* Info.plist */ = {isa = PBXFileReference; lastKnownFileType = text.plist.xml; path = Info.plist; sourceTree = "<group>"; };
		A395C42E1D6B546C00C31761 /* Constants.swift */ = {isa = PBXFileReference; fileEncoding = 4; lastKnownFileType = sourcecode.swift; path = Constants.swift; sourceTree = "<group>"; };
		A395C42F1D6B546C00C31761 /* DataService.swift */ = {isa = PBXFileReference; fileEncoding = 4; lastKnownFileType = sourcecode.swift; path = DataService.swift; sourceTree = "<group>"; };
		A395C4301D6B546C00C31761 /* MaterialButton.swift */ = {isa = PBXFileReference; fileEncoding = 4; lastKnownFileType = sourcecode.swift; path = MaterialButton.swift; sourceTree = "<group>"; };
		A395C4311D6B546C00C31761 /* MaterialTextField.swift */ = {isa = PBXFileReference; fileEncoding = 4; lastKnownFileType = sourcecode.swift; path = MaterialTextField.swift; sourceTree = "<group>"; };
		A395C4321D6B546C00C31761 /* MaterialView.swift */ = {isa = PBXFileReference; fileEncoding = 4; lastKnownFileType = sourcecode.swift; path = MaterialView.swift; sourceTree = "<group>"; };
		A395C4331D6B546C00C31761 /* NotoSans-Bold.ttf */ = {isa = PBXFileReference; lastKnownFileType = file; path = "NotoSans-Bold.ttf"; sourceTree = "<group>"; };
		A395C4341D6B546C00C31761 /* NotoSans-BoldItalic.ttf */ = {isa = PBXFileReference; lastKnownFileType = file; path = "NotoSans-BoldItalic.ttf"; sourceTree = "<group>"; };
		A395C4351D6B546C00C31761 /* NotoSans-Italic.ttf */ = {isa = PBXFileReference; lastKnownFileType = file; path = "NotoSans-Italic.ttf"; sourceTree = "<group>"; };
		A395C4361D6B546C00C31761 /* NotoSans-Regular.ttf */ = {isa = PBXFileReference; lastKnownFileType = file; path = "NotoSans-Regular.ttf"; sourceTree = "<group>"; };
		A395C4381D6B546C00C31761 /* Techinator_Showcase.xcdatamodel */ = {isa = PBXFileReference; lastKnownFileType = wrapper.xcdatamodel; path = Techinator_Showcase.xcdatamodel; sourceTree = "<group>"; };
		A395C4391D6B546C00C31761 /* What is this folder for?.swift */ = {isa = PBXFileReference; fileEncoding = 4; lastKnownFileType = sourcecode.swift; path = "What is this folder for?.swift"; sourceTree = "<group>"; };
		AC1387C8B8C763A1CB3D004B /* Pods-Techinator-Showcase.release.xcconfig */ = {isa = PBXFileReference; includeInIndex = 1; lastKnownFileType = text.xcconfig; name = "Pods-Techinator-Showcase.release.xcconfig"; path = "Pods/Target Support Files/Pods-Techinator-Showcase/Pods-Techinator-Showcase.release.xcconfig"; sourceTree = "<group>"; };
/* End PBXFileReference section */

/* Begin PBXFrameworksBuildPhase section */
		A395C3F61D6B53A000C31761 /* Frameworks */ = {
			isa = PBXFrameworksBuildPhase;
			buildActionMask = 2147483647;
			files = (
				F4900F2DEB2592E18BC21754 /* Pods_Techinator_Showcase.framework in Frameworks */,
			);
			runOnlyForDeploymentPostprocessing = 0;
		};
		A395C40D1D6B53A100C31761 /* Frameworks */ = {
			isa = PBXFrameworksBuildPhase;
			buildActionMask = 2147483647;
			files = (
			);
			runOnlyForDeploymentPostprocessing = 0;
		};
		A395C4181D6B53A100C31761 /* Frameworks */ = {
			isa = PBXFrameworksBuildPhase;
			buildActionMask = 2147483647;
			files = (
			);
			runOnlyForDeploymentPostprocessing = 0;
		};
/* End PBXFrameworksBuildPhase section */

/* Begin PBXGroup section */
		9C9ECBCC5B9E07696EDBB88C /* Pods */ = {
			isa = PBXGroup;
			children = (
				698EFD6F802362B0F5C9C08A /* Pods-Techinator-Showcase.debug.xcconfig */,
				AC1387C8B8C763A1CB3D004B /* Pods-Techinator-Showcase.release.xcconfig */,
			);
			name = Pods;
			sourceTree = "<group>";
		};
		A395C3F01D6B53A000C31761 = {
			isa = PBXGroup;
			children = (
				A395C3FB1D6B53A100C31761 /* Techinator-Showcase */,
				A395C4131D6B53A100C31761 /* Techinator-ShowcaseTests */,
				A395C41E1D6B53A100C31761 /* Techinator-ShowcaseUITests */,
				A395C3FA1D6B53A100C31761 /* Products */,
				9C9ECBCC5B9E07696EDBB88C /* Pods */,
				DA31CDE55179E44AAAA6D160 /* Frameworks */,
			);
			sourceTree = "<group>";
		};
		A395C3FA1D6B53A100C31761 /* Products */ = {
			isa = PBXGroup;
			children = (
				A395C3F91D6B53A100C31761 /* Techinator-Showcase.app */,
				A395C4101D6B53A100C31761 /* Techinator-ShowcaseTests.xctest */,
				A395C41B1D6B53A100C31761 /* Techinator-ShowcaseUITests.xctest */,
			);
			name = Products;
			sourceTree = "<group>";
		};
		A395C3FB1D6B53A100C31761 /* Techinator-Showcase */ = {
			isa = PBXGroup;
			children = (
				A395C4461D6B548600C31761 /* Services */,
				A395C4471D6B548D00C31761 /* Frameworks */,
				A395C44C1D6B54AD00C31761 /* Util */,
				A395C44B1D6B54A500C31761 /* Resources */,
				A395C44A1D6B54A000C31761 /* Model */,
				A395C4491D6B549B00C31761 /* View */,
				A395C4481D6B549600C31761 /* Controller */,
				A395C4061D6B53A100C31761 /* Assets.xcassets */,
				A395C3FC1D6B53A100C31761 /* AppDelegate.swift */,
				A395C4001D6B53A100C31761 /* Main.storyboard */,
				A395C4081D6B53A100C31761 /* LaunchScreen.storyboard */,
				A395C40B1D6B53A100C31761 /* Info.plist */,
				A34D1CCC1D6B643D002A3ADE /* GoogleService-Info.plist */,
				A395C4371D6B546C00C31761 /* Techinator_Showcase.xcdatamodeld */,
			);
			path = "Techinator-Showcase";
			sourceTree = "<group>";
		};
		A395C4131D6B53A100C31761 /* Techinator-ShowcaseTests */ = {
			isa = PBXGroup;
			children = (
				A395C4141D6B53A100C31761 /* Techinator_ShowcaseTests.swift */,
				A395C4161D6B53A100C31761 /* Info.plist */,
			);
			path = "Techinator-ShowcaseTests";
			sourceTree = "<group>";
		};
		A395C41E1D6B53A100C31761 /* Techinator-ShowcaseUITests */ = {
			isa = PBXGroup;
			children = (
				A395C41F1D6B53A100C31761 /* Techinator_ShowcaseUITests.swift */,
				A395C4211D6B53A100C31761 /* Info.plist */,
			);
			path = "Techinator-ShowcaseUITests";
			sourceTree = "<group>";
		};
		A395C4461D6B548600C31761 /* Services */ = {
			isa = PBXGroup;
			children = (
				A395C42F1D6B546C00C31761 /* DataService.swift */,
			);
			name = Services;
			sourceTree = "<group>";
		};
		A395C4471D6B548D00C31761 /* Frameworks */ = {
			isa = PBXGroup;
			children = (
				A395C4391D6B546C00C31761 /* What is this folder for?.swift */,
			);
			name = Frameworks;
			sourceTree = "<group>";
		};
		A395C4481D6B549600C31761 /* Controller */ = {
			isa = PBXGroup;
			children = (
				A395C3FE1D6B53A100C31761 /* ViewController.swift */,
				A34D1CD01D6B9B5F002A3ADE /* FeedVC.swift */,
			);
			name = Controller;
			sourceTree = "<group>";
		};
		A395C4491D6B549B00C31761 /* View */ = {
			isa = PBXGroup;
			children = (
				A395C4301D6B546C00C31761 /* MaterialButton.swift */,
				A395C4311D6B546C00C31761 /* MaterialTextField.swift */,
				A395C4321D6B546C00C31761 /* MaterialView.swift */,
				A34D1CD21D6B9C2C002A3ADE /* PostCell.swift */,
			);
			name = View;
			sourceTree = "<group>";
		};
		A395C44A1D6B54A000C31761 /* Model */ = {
			isa = PBXGroup;
			children = (
				A324D55B1D6CED64002F9822 /* Post.swift */,
			);
			name = Model;
			sourceTree = "<group>";
		};
		A395C44B1D6B54A500C31761 /* Resources */ = {
			isa = PBXGroup;
			children = (
				A395C4331D6B546C00C31761 /* NotoSans-Bold.ttf */,
				A395C4341D6B546C00C31761 /* NotoSans-BoldItalic.ttf */,
				A395C4351D6B546C00C31761 /* NotoSans-Italic.ttf */,
				A395C4361D6B546C00C31761 /* NotoSans-Regular.ttf */,
			);
			name = Resources;
			sourceTree = "<group>";
		};
		A395C44C1D6B54AD00C31761 /* Util */ = {
			isa = PBXGroup;
			children = (
				A395C42E1D6B546C00C31761 /* Constants.swift */,
			);
			name = Util;
			sourceTree = "<group>";
		};
		DA31CDE55179E44AAAA6D160 /* Frameworks */ = {
			isa = PBXGroup;
			children = (
				43CAF313ADB6BEC66A46EC9F /* Pods_Techinator_Showcase.framework */,
			);
			name = Frameworks;
			sourceTree = "<group>";
		};
/* End PBXGroup section */

/* Begin PBXNativeTarget section */
		A395C3F81D6B53A000C31761 /* Techinator-Showcase */ = {
			isa = PBXNativeTarget;
			buildConfigurationList = A395C4241D6B53A100C31761 /* Build configuration list for PBXNativeTarget "Techinator-Showcase" */;
			buildPhases = (
				88D29D268D2EF4316308322B /* [CP] Check Pods Manifest.lock */,
				A395C3F51D6B53A000C31761 /* Sources */,
				A395C3F61D6B53A000C31761 /* Frameworks */,
				A395C3F71D6B53A000C31761 /* Resources */,
				7FFDD4F808292924BF567F4D /* [CP] Embed Pods Frameworks */,
				9CEEA131C79139B6F080A09E /* [CP] Copy Pods Resources */,
			);
			buildRules = (
			);
			dependencies = (
			);
			name = "Techinator-Showcase";
			productName = "Techinator-Showcase";
			productReference = A395C3F91D6B53A100C31761 /* Techinator-Showcase.app */;
			productType = "com.apple.product-type.application";
		};
		A395C40F1D6B53A100C31761 /* Techinator-ShowcaseTests */ = {
			isa = PBXNativeTarget;
			buildConfigurationList = A395C4271D6B53A100C31761 /* Build configuration list for PBXNativeTarget "Techinator-ShowcaseTests" */;
			buildPhases = (
				A395C40C1D6B53A100C31761 /* Sources */,
				A395C40D1D6B53A100C31761 /* Frameworks */,
				A395C40E1D6B53A100C31761 /* Resources */,
			);
			buildRules = (
			);
			dependencies = (
				A395C4121D6B53A100C31761 /* PBXTargetDependency */,
			);
			name = "Techinator-ShowcaseTests";
			productName = "Techinator-ShowcaseTests";
			productReference = A395C4101D6B53A100C31761 /* Techinator-ShowcaseTests.xctest */;
			productType = "com.apple.product-type.bundle.unit-test";
		};
		A395C41A1D6B53A100C31761 /* Techinator-ShowcaseUITests */ = {
			isa = PBXNativeTarget;
			buildConfigurationList = A395C42A1D6B53A100C31761 /* Build configuration list for PBXNativeTarget "Techinator-ShowcaseUITests" */;
			buildPhases = (
				A395C4171D6B53A100C31761 /* Sources */,
				A395C4181D6B53A100C31761 /* Frameworks */,
				A395C4191D6B53A100C31761 /* Resources */,
			);
			buildRules = (
			);
			dependencies = (
				A395C41D1D6B53A100C31761 /* PBXTargetDependency */,
			);
			name = "Techinator-ShowcaseUITests";
			productName = "Techinator-ShowcaseUITests";
			productReference = A395C41B1D6B53A100C31761 /* Techinator-ShowcaseUITests.xctest */;
			productType = "com.apple.product-type.bundle.ui-testing";
		};
/* End PBXNativeTarget section */

/* Begin PBXProject section */
		A395C3F11D6B53A000C31761 /* Project object */ = {
			isa = PBXProject;
			attributes = {
				LastSwiftUpdateCheck = 0730;
				LastUpgradeCheck = 0730;
				ORGANIZATIONNAME = "Jonathan Tsistinas";
				TargetAttributes = {
					A395C3F81D6B53A000C31761 = {
						CreatedOnToolsVersion = 7.3;
					};
					A395C40F1D6B53A100C31761 = {
						CreatedOnToolsVersion = 7.3;
						TestTargetID = A395C3F81D6B53A000C31761;
					};
					A395C41A1D6B53A100C31761 = {
						CreatedOnToolsVersion = 7.3;
						TestTargetID = A395C3F81D6B53A000C31761;
					};
				};
			};
			buildConfigurationList = A395C3F41D6B53A000C31761 /* Build configuration list for PBXProject "Techinator-Showcase" */;
			compatibilityVersion = "Xcode 3.2";
			developmentRegion = English;
			hasScannedForEncodings = 0;
			knownRegions = (
				en,
				Base,
			);
			mainGroup = A395C3F01D6B53A000C31761;
			productRefGroup = A395C3FA1D6B53A100C31761 /* Products */;
			projectDirPath = "";
			projectRoot = "";
			targets = (
				A395C3F81D6B53A000C31761 /* Techinator-Showcase */,
				A395C40F1D6B53A100C31761 /* Techinator-ShowcaseTests */,
				A395C41A1D6B53A100C31761 /* Techinator-ShowcaseUITests */,
			);
		};
/* End PBXProject section */

/* Begin PBXResourcesBuildPhase section */
		A395C3F71D6B53A000C31761 /* Resources */ = {
			isa = PBXResourcesBuildPhase;
			buildActionMask = 2147483647;
			files = (
				A395C43F1D6B546C00C31761 /* NotoSans-Bold.ttf in Resources */,
				A34D1CCD1D6B643D002A3ADE /* GoogleService-Info.plist in Resources */,
				A395C40A1D6B53A100C31761 /* LaunchScreen.storyboard in Resources */,
				A395C4401D6B546C00C31761 /* NotoSans-BoldItalic.ttf in Resources */,
				A395C4411D6B546C00C31761 /* NotoSans-Italic.ttf in Resources */,
				A395C4071D6B53A100C31761 /* Assets.xcassets in Resources */,
				A395C4021D6B53A100C31761 /* Main.storyboard in Resources */,
				A395C4421D6B546C00C31761 /* NotoSans-Regular.ttf in Resources */,
			);
			runOnlyForDeploymentPostprocessing = 0;
		};
		A395C40E1D6B53A100C31761 /* Resources */ = {
			isa = PBXResourcesBuildPhase;
			buildActionMask = 2147483647;
			files = (
				A34D1CCE1D6B643D002A3ADE /* GoogleService-Info.plist in Resources */,
			);
			runOnlyForDeploymentPostprocessing = 0;
		};
		A395C4191D6B53A100C31761 /* Resources */ = {
			isa = PBXResourcesBuildPhase;
			buildActionMask = 2147483647;
			files = (
				A34D1CCF1D6B643D002A3ADE /* GoogleService-Info.plist in Resources */,
			);
			runOnlyForDeploymentPostprocessing = 0;
		};
/* End PBXResourcesBuildPhase section */

/* Begin PBXShellScriptBuildPhase section */
		7FFDD4F808292924BF567F4D /* [CP] Embed Pods Frameworks */ = {
			isa = PBXShellScriptBuildPhase;
			buildActionMask = 2147483647;
			files = (
			);
			inputPaths = (
			);
			name = "[CP] Embed Pods Frameworks";
			outputPaths = (
			);
			runOnlyForDeploymentPostprocessing = 0;
			shellPath = /bin/sh;
			shellScript = "\"${SRCROOT}/Pods/Target Support Files/Pods-Techinator-Showcase/Pods-Techinator-Showcase-frameworks.sh\"\n";
			showEnvVarsInLog = 0;
		};
		88D29D268D2EF4316308322B /* [CP] Check Pods Manifest.lock */ = {
			isa = PBXShellScriptBuildPhase;
			buildActionMask = 2147483647;
			files = (
			);
			inputPaths = (
			);
			name = "[CP] Check Pods Manifest.lock";
			outputPaths = (
			);
			runOnlyForDeploymentPostprocessing = 0;
			shellPath = /bin/sh;
			shellScript = "diff \"${PODS_ROOT}/../Podfile.lock\" \"${PODS_ROOT}/Manifest.lock\" > /dev/null\nif [[ $? != 0 ]] ; then\n    cat << EOM\nerror: The sandbox is not in sync with the Podfile.lock. Run 'pod install' or update your CocoaPods installation.\nEOM\n    exit 1\nfi\n";
			showEnvVarsInLog = 0;
		};
		9CEEA131C79139B6F080A09E /* [CP] Copy Pods Resources */ = {
			isa = PBXShellScriptBuildPhase;
			buildActionMask = 2147483647;
			files = (
			);
			inputPaths = (
			);
			name = "[CP] Copy Pods Resources";
			outputPaths = (
			);
			runOnlyForDeploymentPostprocessing = 0;
			shellPath = /bin/sh;
			shellScript = "\"${SRCROOT}/Pods/Target Support Files/Pods-Techinator-Showcase/Pods-Techinator-Showcase-resources.sh\"\n";
			showEnvVarsInLog = 0;
		};
/* End PBXShellScriptBuildPhase section */

/* Begin PBXSourcesBuildPhase section */
		A395C3F51D6B53A000C31761 /* Sources */ = {
			isa = PBXSourcesBuildPhase;
			buildActionMask = 2147483647;
			files = (
				A395C3FF1D6B53A100C31761 /* ViewController.swift in Sources */,
				A395C3FD1D6B53A100C31761 /* AppDelegate.swift in Sources */,
				A34D1CD11D6B9B5F002A3ADE /* FeedVC.swift in Sources */,
				A324D55C1D6CED64002F9822 /* Post.swift in Sources */,
				A395C4431D6B546C00C31761 /* Techinator_Showcase.xcdatamodeld in Sources */,
				A395C43C1D6B546C00C31761 /* MaterialButton.swift in Sources */,
				A395C4441D6B546C00C31761 /* What is this folder for?.swift in Sources */,
				A395C43A1D6B546C00C31761 /* Constants.swift in Sources */,
				A395C43B1D6B546C00C31761 /* DataService.swift in Sources */,
				A34D1CD31D6B9C2C002A3ADE /* PostCell.swift in Sources */,
				A395C43D1D6B546C00C31761 /* MaterialTextField.swift in Sources */,
				A395C43E1D6B546C00C31761 /* MaterialView.swift in Sources */,
			);
			runOnlyForDeploymentPostprocessing = 0;
		};
		A395C40C1D6B53A100C31761 /* Sources */ = {
			isa = PBXSourcesBuildPhase;
			buildActionMask = 2147483647;
			files = (
				A395C4151D6B53A100C31761 /* Techinator_ShowcaseTests.swift in Sources */,
			);
			runOnlyForDeploymentPostprocessing = 0;
		};
		A395C4171D6B53A100C31761 /* Sources */ = {
			isa = PBXSourcesBuildPhase;
			buildActionMask = 2147483647;
			files = (
				A395C4201D6B53A100C31761 /* Techinator_ShowcaseUITests.swift in Sources */,
			);
			runOnlyForDeploymentPostprocessing = 0;
		};
/* End PBXSourcesBuildPhase section */

/* Begin PBXTargetDependency section */
		A395C4121D6B53A100C31761 /* PBXTargetDependency */ = {
			isa = PBXTargetDependency;
			target = A395C3F81D6B53A000C31761 /* Techinator-Showcase */;
			targetProxy = A395C4111D6B53A100C31761 /* PBXContainerItemProxy */;
		};
		A395C41D1D6B53A100C31761 /* PBXTargetDependency */ = {
			isa = PBXTargetDependency;
			target = A395C3F81D6B53A000C31761 /* Techinator-Showcase */;
			targetProxy = A395C41C1D6B53A100C31761 /* PBXContainerItemProxy */;
		};
/* End PBXTargetDependency section */

/* Begin PBXVariantGroup section */
		A395C4001D6B53A100C31761 /* Main.storyboard */ = {
			isa = PBXVariantGroup;
			children = (
				A395C4011D6B53A100C31761 /* Base */,
			);
			name = Main.storyboard;
			sourceTree = "<group>";
		};
		A395C4081D6B53A100C31761 /* LaunchScreen.storyboard */ = {
			isa = PBXVariantGroup;
			children = (
				A395C4091D6B53A100C31761 /* Base */,
			);
			name = LaunchScreen.storyboard;
			sourceTree = "<group>";
		};
/* End PBXVariantGroup section */

/* Begin XCBuildConfiguration section */
		A395C4221D6B53A100C31761 /* Debug */ = {
			isa = XCBuildConfiguration;
			buildSettings = {
				ALWAYS_SEARCH_USER_PATHS = NO;
				CLANG_ANALYZER_NONNULL = YES;
				CLANG_CXX_LANGUAGE_STANDARD = "gnu++0x";
				CLANG_CXX_LIBRARY = "libc++";
				CLANG_ENABLE_MODULES = YES;
				CLANG_ENABLE_OBJC_ARC = YES;
				CLANG_WARN_BOOL_CONVERSION = YES;
				CLANG_WARN_CONSTANT_CONVERSION = YES;
				CLANG_WARN_DIRECT_OBJC_ISA_USAGE = YES_ERROR;
				CLANG_WARN_EMPTY_BODY = YES;
				CLANG_WARN_ENUM_CONVERSION = YES;
				CLANG_WARN_INT_CONVERSION = YES;
				CLANG_WARN_OBJC_ROOT_CLASS = YES_ERROR;
				CLANG_WARN_UNREACHABLE_CODE = YES;
				CLANG_WARN__DUPLICATE_METHOD_MATCH = YES;
				"CODE_SIGN_IDENTITY[sdk=iphoneos*]" = "iPhone Developer";
				COPY_PHASE_STRIP = NO;
				DEBUG_INFORMATION_FORMAT = dwarf;
				ENABLE_STRICT_OBJC_MSGSEND = YES;
				ENABLE_TESTABILITY = YES;
				GCC_C_LANGUAGE_STANDARD = gnu99;
				GCC_DYNAMIC_NO_PIC = NO;
				GCC_NO_COMMON_BLOCKS = YES;
				GCC_OPTIMIZATION_LEVEL = 0;
				GCC_PREPROCESSOR_DEFINITIONS = (
					"DEBUG=1",
					"$(inherited)",
				);
				GCC_WARN_64_TO_32_BIT_CONVERSION = YES;
				GCC_WARN_ABOUT_RETURN_TYPE = YES_ERROR;
				GCC_WARN_UNDECLARED_SELECTOR = YES;
				GCC_WARN_UNINITIALIZED_AUTOS = YES_AGGRESSIVE;
				GCC_WARN_UNUSED_FUNCTION = YES;
				GCC_WARN_UNUSED_VARIABLE = YES;
				IPHONEOS_DEPLOYMENT_TARGET = 9.3;
				MTL_ENABLE_DEBUG_INFO = YES;
				ONLY_ACTIVE_ARCH = YES;
				SDKROOT = iphoneos;
				SWIFT_OPTIMIZATION_LEVEL = "-Onone";
				TARGETED_DEVICE_FAMILY = "1,2";
			};
			name = Debug;
		};
		A395C4231D6B53A100C31761 /* Release */ = {
			isa = XCBuildConfiguration;
			buildSettings = {
				ALWAYS_SEARCH_USER_PATHS = NO;
				CLANG_ANALYZER_NONNULL = YES;
				CLANG_CXX_LANGUAGE_STANDARD = "gnu++0x";
				CLANG_CXX_LIBRARY = "libc++";
				CLANG_ENABLE_MODULES = YES;
				CLANG_ENABLE_OBJC_ARC = YES;
				CLANG_WARN_BOOL_CONVERSION = YES;
				CLANG_WARN_CONSTANT_CONVERSION = YES;
				CLANG_WARN_DIRECT_OBJC_ISA_USAGE = YES_ERROR;
				CLANG_WARN_EMPTY_BODY = YES;
				CLANG_WARN_ENUM_CONVERSION = YES;
				CLANG_WARN_INT_CONVERSION = YES;
				CLANG_WARN_OBJC_ROOT_CLASS = YES_ERROR;
				CLANG_WARN_UNREACHABLE_CODE = YES;
				CLANG_WARN__DUPLICATE_METHOD_MATCH = YES;
				"CODE_SIGN_IDENTITY[sdk=iphoneos*]" = "iPhone Developer";
				COPY_PHASE_STRIP = NO;
				DEBUG_INFORMATION_FORMAT = "dwarf-with-dsym";
				ENABLE_NS_ASSERTIONS = NO;
				ENABLE_STRICT_OBJC_MSGSEND = YES;
				GCC_C_LANGUAGE_STANDARD = gnu99;
				GCC_NO_COMMON_BLOCKS = YES;
				GCC_WARN_64_TO_32_BIT_CONVERSION = YES;
				GCC_WARN_ABOUT_RETURN_TYPE = YES_ERROR;
				GCC_WARN_UNDECLARED_SELECTOR = YES;
				GCC_WARN_UNINITIALIZED_AUTOS = YES_AGGRESSIVE;
				GCC_WARN_UNUSED_FUNCTION = YES;
				GCC_WARN_UNUSED_VARIABLE = YES;
				IPHONEOS_DEPLOYMENT_TARGET = 9.3;
				MTL_ENABLE_DEBUG_INFO = NO;
				SDKROOT = iphoneos;
				TARGETED_DEVICE_FAMILY = "1,2";
				VALIDATE_PRODUCT = YES;
			};
			name = Release;
		};
		A395C4251D6B53A100C31761 /* Debug */ = {
			isa = XCBuildConfiguration;
			baseConfigurationReference = 698EFD6F802362B0F5C9C08A /* Pods-Techinator-Showcase.debug.xcconfig */;
			buildSettings = {
				ASSETCATALOG_COMPILER_APPICON_NAME = AppIcon;
				CODE_SIGN_IDENTITY = "iPhone Developer";
				INFOPLIST_FILE = "Techinator-Showcase/Info.plist";
				LD_RUNPATH_SEARCH_PATHS = "$(inherited) @executable_path/Frameworks";
				PRODUCT_BUNDLE_IDENTIFIER = "com.Techinator.Techinator-Showcase";
				PRODUCT_NAME = "$(TARGET_NAME)";
			};
			name = Debug;
		};
		A395C4261D6B53A100C31761 /* Release */ = {
			isa = XCBuildConfiguration;
			baseConfigurationReference = AC1387C8B8C763A1CB3D004B /* Pods-Techinator-Showcase.release.xcconfig */;
			buildSettings = {
				ASSETCATALOG_COMPILER_APPICON_NAME = AppIcon;
				CODE_SIGN_IDENTITY = "iPhone Developer";
				INFOPLIST_FILE = "Techinator-Showcase/Info.plist";
				LD_RUNPATH_SEARCH_PATHS = "$(inherited) @executable_path/Frameworks";
				PRODUCT_BUNDLE_IDENTIFIER = "com.Techinator.Techinator-Showcase";
				PRODUCT_NAME = "$(TARGET_NAME)";
			};
			name = Release;
		};
		A395C4281D6B53A100C31761 /* Debug */ = {
			isa = XCBuildConfiguration;
			buildSettings = {
				BUNDLE_LOADER = "$(TEST_HOST)";
				INFOPLIST_FILE = "Techinator-ShowcaseTests/Info.plist";
				LD_RUNPATH_SEARCH_PATHS = "$(inherited) @executable_path/Frameworks @loader_path/Frameworks";
				PRODUCT_BUNDLE_IDENTIFIER = "Techinator.Techinator-ShowcaseTests";
				PRODUCT_NAME = "$(TARGET_NAME)";
				TEST_HOST = "$(BUILT_PRODUCTS_DIR)/Techinator-Showcase.app/Techinator-Showcase";
			};
			name = Debug;
		};
		A395C4291D6B53A100C31761 /* Release */ = {
			isa = XCBuildConfiguration;
			buildSettings = {
				BUNDLE_LOADER = "$(TEST_HOST)";
				INFOPLIST_FILE = "Techinator-ShowcaseTests/Info.plist";
				LD_RUNPATH_SEARCH_PATHS = "$(inherited) @executable_path/Frameworks @loader_path/Frameworks";
				PRODUCT_BUNDLE_IDENTIFIER = "Techinator.Techinator-ShowcaseTests";
				PRODUCT_NAME = "$(TARGET_NAME)";
				TEST_HOST = "$(BUILT_PRODUCTS_DIR)/Techinator-Showcase.app/Techinator-Showcase";
			};
			name = Release;
		};
		A395C42B1D6B53A100C31761 /* Debug */ = {
			isa = XCBuildConfiguration;
			buildSettings = {
				INFOPLIST_FILE = "Techinator-ShowcaseUITests/Info.plist";
				LD_RUNPATH_SEARCH_PATHS = "$(inherited) @executable_path/Frameworks @loader_path/Frameworks";
				PRODUCT_BUNDLE_IDENTIFIER = "Techinator.Techinator-ShowcaseUITests";
				PRODUCT_NAME = "$(TARGET_NAME)";
				TEST_TARGET_NAME = "Techinator-Showcase";
			};
			name = Debug;
		};
		A395C42C1D6B53A100C31761 /* Release */ = {
			isa = XCBuildConfiguration;
			buildSettings = {
				INFOPLIST_FILE = "Techinator-ShowcaseUITests/Info.plist";
				LD_RUNPATH_SEARCH_PATHS = "$(inherited) @executable_path/Frameworks @loader_path/Frameworks";
				PRODUCT_BUNDLE_IDENTIFIER = "Techinator.Techinator-ShowcaseUITests";
				PRODUCT_NAME = "$(TARGET_NAME)";
				TEST_TARGET_NAME = "Techinator-Showcase";
			};
			name = Release;
		};
/* End XCBuildConfiguration section */

/* Begin XCConfigurationList section */
		A395C3F41D6B53A000C31761 /* Build configuration list for PBXProject "Techinator-Showcase" */ = {
			isa = XCConfigurationList;
			buildConfigurations = (
				A395C4221D6B53A100C31761 /* Debug */,
				A395C4231D6B53A100C31761 /* Release */,
			);
			defaultConfigurationIsVisible = 0;
			defaultConfigurationName = Release;
		};
		A395C4241D6B53A100C31761 /* Build configuration list for PBXNativeTarget "Techinator-Showcase" */ = {
			isa = XCConfigurationList;
			buildConfigurations = (
				A395C4251D6B53A100C31761 /* Debug */,
				A395C4261D6B53A100C31761 /* Release */,
			);
			defaultConfigurationIsVisible = 0;
			defaultConfigurationName = Release;
		};
		A395C4271D6B53A100C31761 /* Build configuration list for PBXNativeTarget "Techinator-ShowcaseTests" */ = {
			isa = XCConfigurationList;
			buildConfigurations = (
				A395C4281D6B53A100C31761 /* Debug */,
				A395C4291D6B53A100C31761 /* Release */,
			);
			defaultConfigurationIsVisible = 0;
			defaultConfigurationName = Release;
		};
		A395C42A1D6B53A100C31761 /* Build configuration list for PBXNativeTarget "Techinator-ShowcaseUITests" */ = {
			isa = XCConfigurationList;
			buildConfigurations = (
				A395C42B1D6B53A100C31761 /* Debug */,
				A395C42C1D6B53A100C31761 /* Release */,
			);
			defaultConfigurationIsVisible = 0;
			defaultConfigurationName = Release;
		};
/* End XCConfigurationList section */

/* Begin XCVersionGroup section */
		A395C4371D6B546C00C31761 /* Techinator_Showcase.xcdatamodeld */ = {
			isa = XCVersionGroup;
			children = (
				A395C4381D6B546C00C31761 /* Techinator_Showcase.xcdatamodel */,
			);
			currentVersion = A395C4381D6B546C00C31761 /* Techinator_Showcase.xcdatamodel */;
			path = Techinator_Showcase.xcdatamodeld;
			sourceTree = "<group>";
			versionGroupType = wrapper.xcdatamodel;
		};
/* End XCVersionGroup section */
	};
	rootObject = A395C3F11D6B53A000C31761 /* Project object */;
}
